
Microsoft Visual Studio Solution File, Format Version 12.00
# Visual Studio 15
VisualStudioVersion = 15.0.28306.52
MinimumVisualStudioVersion = 10.0.40219.1
Project("{FAE04EC0-301F-11D3-BF4B-00C04F79EFBC}") = "prog-4s-l9-3", "prog-4s-l9-3\prog-4s-l9-3.csproj", "{D1A416D1-1BFD-4CFB-A2EF-7137039ADE6F}"
EndProject
Global
	GlobalSection(SolutionConfigurationPlatforms) = preSolution
		Debug|Any CPU = Debug|Any CPU
		Release|Any CPU = Release|Any CPU
	EndGlobalSection
	GlobalSection(ProjectConfigurationPlatforms) = postSolution
		{D1A416D1-1BFD-4CFB-A2EF-7137039ADE6F}.Debug|Any CPU.ActiveCfg = Debug|Any CPU
		{D1A416D1-1BFD-4CFB-A2EF-7137039ADE6F}.Debug|Any CPU.Build.0 = Debug|Any CPU
		{D1A416D1-1BFD-4CFB-A2EF-7137039ADE6F}.Release|Any CPU.ActiveCfg = Release|Any CPU
		{D1A416D1-1BFD-4CFB-A2EF-7137039ADE6F}.Release|Any CPU.Build.0 = Release|Any CPU
	EndGlobalSection
	GlobalSection(SolutionProperties) = preSolution
		HideSolutionNode = FALSE
	EndGlobalSection
	GlobalSection(ExtensibilityGlobals) = postSolution
		SolutionGuid = {EE288A4C-30DA-4DEE-8E5F-773BD3535419}
	EndGlobalSection
EndGlobal
